
Microsoft Visual Studio Solution File, Format Version 12.00
# Visual Studio Version 16
VisualStudioVersion = 16.0.31005.135
MinimumVisualStudioVersion = 10.0.40219.1
Project("{FAE04EC0-301F-11D3-BF4B-00C04F79EFBC}") = "SyndicateService", "SyndicateService\SyndicateService.csproj", "{A157B468-ECFC-4D49-AF36-899FBA764B4F}"
EndProject
Project("{FAE04EC0-301F-11D3-BF4B-00C04F79EFBC}") = "SyndicationConsole", "SyndicationConsole\SyndicationConsole.csproj", "{333AB436-43F1-4D10-9ACF-00664E8ABDE6}"
EndProject
Project("{FAE04EC0-301F-11D3-BF4B-00C04F79EFBC}") = "SyndicateLogic", "SyndicateLogic\SyndicateLogic.csproj", "{6C9939FC-0B11-4B0B-B244-1EC07AA4940D}"
EndProject
Project("{FAE04EC0-301F-11D3-BF4B-00C04F79EFBC}") = "IntrinioConsole", "IntrinioConsole\IntrinioConsole.csproj", "{C8985916-F639-4063-8776-5E62B5E243DF}"
EndProject
Project("{FAE04EC0-301F-11D3-BF4B-00C04F79EFBC}") = "ShingleConsole", "ShingleConsole\ShingleConsole.csproj", "{01E73ADC-EE99-4E66-9418-C3BBE0E46E7B}"
EndProject
Project("{FAE04EC0-301F-11D3-BF4B-00C04F79EFBC}") = "UpdateArticles", "UpdateArticles\UpdateArticles.csproj", "{96710238-A4A7-4C31-BAE1-2BE45B12D745}"
EndProject
Project("{FAE04EC0-301F-11D3-BF4B-00C04F79EFBC}") = "Analysis", "ShingleAnalysis\Analysis.csproj", "{4F3E1683-EA7E-4851-BA19-A3F81905FBFA}"
EndProject
Project("{FAE04EC0-301F-11D3-BF4B-00C04F79EFBC}") = "SyndicateProcessing", "SyndicateProcessing\SyndicateProcessing.csproj", "{51F8A0B8-4BA2-4442-986E-99F554B9B5B1}"
EndProject
Project("{FAE04EC0-301F-11D3-BF4B-00C04F79EFBC}") = "IntrinioService", "IntrinioService\IntrinioService.csproj", "{8F97047A-4632-43D2-BE6C-D79A8E7B94A1}"
EndProject
Project("{FAE04EC0-301F-11D3-BF4B-00C04F79EFBC}") = "xAPITest", "xAPITest\xAPITest.csproj", "{3F0B8C9E-EBFD-4A27-8080-D60418449217}"
EndProject
Project("{FAE04EC0-301F-11D3-BF4B-00C04F79EFBC}") = "SyncAPIConnect", "XTBSyncAPIConnector\SyncAPIConnect.csproj", "{E6BC484B-A042-4CA6-9079-E91136D92207}"
EndProject
Project("{FAE04EC0-301F-11D3-BF4B-00C04F79EFBC}") = "UpdateArticles2", "UpdateArticles2\UpdateArticles2.csproj", "{36F9AD6F-B615-4189-867D-3BDEFA1E8509}"
EndProject
Project("{FAE04EC0-301F-11D3-BF4B-00C04F79EFBC}") = "StrategyTester", "StrategyTester\StrategyTester.csproj", "{2EC13BC8-E357-4F93-89A9-C937954959C7}"
EndProject
Project("{9A19103F-16F7-4668-BE54-9A1E7A4F7556}") = "Web", "Web\Web.csproj", "{924600E8-B9B9-477F-A61A-D76CCA0AC882}"
EndProject
Project("{FAE04EC0-301F-11D3-BF4B-00C04F79EFBC}") = "Wabbit", "wabbit\Wabbit.csproj", "{477C10FD-8CF2-477F-9B15-B474DF647E95}"
EndProject
Project("{FAE04EC0-301F-11D3-BF4B-00C04F79EFBC}") = "UnitTests", "UnitTests\UnitTests.csproj", "{7CD392B4-ED17-4ABA-9E0A-BA45DB728FC6}"
EndProject
Project("{2150E333-8FDC-42A3-9474-1A3956D46DE8}") = "Solution Items", "Solution Items", "{B04EBCE1-A137-490E-AEA3-22708DA8E90C}"
	ProjectSection(SolutionItems) = preProject
		Solution Items\curr4.csv = Solution Items\curr4.csv
		Solution Items\currencies.csv = Solution Items\currencies.csv
		Solution Items\currencies2.csv = Solution Items\currencies2.csv
		Solution Items\currencies3.txt = Solution Items\currencies3.txt
		Solution Items\DJIA30COMPONENTS.txt = Solution Items\DJIA30COMPONENTS.txt
		Solution Items\FTSE 100 COMPONENTS.txt = Solution Items\FTSE 100 COMPONENTS.txt
		Solution Items\indexComponents.csv = Solution Items\indexComponents.csv
		Solution Items\Intrinio API Documentation.html = Solution Items\Intrinio API Documentation.html
		Solution Items\investorfeed.csv = Solution Items\investorfeed.csv
		Solution Items\InvestorRSS.xlsx = Solution Items\InvestorRSS.xlsx
		Solution Items\NASDAQ 100 COMPONENTS.txt = Solution Items\NASDAQ 100 COMPONENTS.txt
		old feeds.csv = old feeds.csv
		Solution Items\SP 500 COMPONENTS.txt = Solution Items\SP 500 COMPONENTS.txt
		Solution Items\to do list.txt = Solution Items\to do list.txt
		Solution Items\UseForML_update.sql = Solution Items\UseForML_update.sql
		Solution Items\XTB ETF stocks.txt = Solution Items\XTB ETF stocks.txt
	EndProjectSection
EndProject
Project("{FAE04EC0-301F-11D3-BF4B-00C04F79EFBC}") = "NNTraining", "NNTraining\NNTraining.csproj", "{84BF81C9-89D5-4BB9-834D-449DF60BDBD0}"
EndProject
Project("{FAE04EC0-301F-11D3-BF4B-00C04F79EFBC}") = "NNTest", "NNTest\NNTest.csproj", "{F582C43E-9481-4259-B249-F3E9F02724F0}"
EndProject
Project("{FAE04EC0-301F-11D3-BF4B-00C04F79EFBC}") = "GATraining", "GATraining\GATraining.csproj", "{04D7D91C-0836-4F94-A73F-FDC8781A8678}"
EndProject
Project("{FAE04EC0-301F-11D3-BF4B-00C04F79EFBC}") = "NNPrepareDataSet", "NNPrepareDataSet\NNPrepareDataSet.csproj", "{66AC813D-D9A3-4FB7-BB86-5D03EA14082F}"
EndProject
Project("{9A19103F-16F7-4668-BE54-9A1E7A4F7556}") = "ArticlesToMDB", "ArticlesToMDB\ArticlesToMDB.csproj", "{B4201F08-3675-4BD6-97F9-D2C1FD2F79D3}"
EndProject
Project("{9A19103F-16F7-4668-BE54-9A1E7A4F7556}") = "HarvestYahoo", "HarvestYahoo\HarvestYahoo.csproj", "{101D9E34-AF11-46E1-A5C2-852F254ECB49}"
EndProject
Project("{9A19103F-16F7-4668-BE54-9A1E7A4F7556}") = "IBPrices", "IBPrices\IBPrices.csproj", "{C8B38123-7B68-497F-9AB8-03439A64EBF6}"
EndProject
Project("{9A19103F-16F7-4668-BE54-9A1E7A4F7556}") = "IBAPI", "IBAPI\IBAPI.csproj", "{A723BC15-D542-4064-ACD4-BFCB3EB80F52}"
EndProject
Project("{9A19103F-16F7-4668-BE54-9A1E7A4F7556}") = "Estimize", "Estimize\Estimize.csproj", "{BAC1B7EB-260C-40A1-BD4E-F4EEFD402CB2}"
EndProject
Project("{9A19103F-16F7-4668-BE54-9A1E7A4F7556}") = "Mongo.Sim", "MongoSim\Mongo.Sim.csproj", "{CFD6C7CA-F70D-4E51-8A04-4A40D0B4425A}"
EndProject
Project("{C7167F0D-BC9F-4E6E-AFE1-012C56B48DB5}") = "WinUIGraph (Package)", "WinUIGraph\WinUIGraph (Package)\WinUIGraph (Package).wapproj", "{E8B13961-A43F-4DE8-8318-39D4D4784078}"
EndProject
Project("{FAE04EC0-301F-11D3-BF4B-00C04F79EFBC}") = "WinUIGraph", "WinUIGraph\WinUIGraph\WinUIGraph.csproj", "{416FB0BF-A084-4A61-8E3E-5C0CFA09E756}"
EndProject
Project("{FAE04EC0-301F-11D3-BF4B-00C04F79EFBC}") = "Mongo.Common", "Mongo.Common\Mongo.Common.csproj", "{8A8DF7D8-538F-4859-B0DD-2F9C92DEC795}"
EndProject
Global
	GlobalSection(SolutionConfigurationPlatforms) = preSolution
		Debug|Any CPU = Debug|Any CPU
		Debug|arm64 = Debug|arm64
		Debug|x64 = Debug|x64
		Debug|x86 = Debug|x86
		Release|Any CPU = Release|Any CPU
		Release|arm64 = Release|arm64
		Release|x64 = Release|x64
		Release|x86 = Release|x86
	EndGlobalSection
	GlobalSection(ProjectConfigurationPlatforms) = postSolution
		{A157B468-ECFC-4D49-AF36-899FBA764B4F}.Debug|Any CPU.ActiveCfg = Debug|Any CPU
		{A157B468-ECFC-4D49-AF36-899FBA764B4F}.Debug|Any CPU.Build.0 = Debug|Any CPU
		{A157B468-ECFC-4D49-AF36-899FBA764B4F}.Debug|arm64.ActiveCfg = Debug|Any CPU
		{A157B468-ECFC-4D49-AF36-899FBA764B4F}.Debug|arm64.Build.0 = Debug|Any CPU
		{A157B468-ECFC-4D49-AF36-899FBA764B4F}.Debug|x64.ActiveCfg = Debug|x64
		{A157B468-ECFC-4D49-AF36-899FBA764B4F}.Debug|x64.Build.0 = Debug|x64
		{A157B468-ECFC-4D49-AF36-899FBA764B4F}.Debug|x86.ActiveCfg = Debug|Any CPU
		{A157B468-ECFC-4D49-AF36-899FBA764B4F}.Debug|x86.Build.0 = Debug|Any CPU
		{A157B468-ECFC-4D49-AF36-899FBA764B4F}.Release|Any CPU.ActiveCfg = Release|Any CPU
		{A157B468-ECFC-4D49-AF36-899FBA764B4F}.Release|Any CPU.Build.0 = Release|Any CPU
		{A157B468-ECFC-4D49-AF36-899FBA764B4F}.Release|arm64.ActiveCfg = Release|Any CPU
		{A157B468-ECFC-4D49-AF36-899FBA764B4F}.Release|arm64.Build.0 = Release|Any CPU
		{A157B468-ECFC-4D49-AF36-899FBA764B4F}.Release|x64.ActiveCfg = Release|x64
		{A157B468-ECFC-4D49-AF36-899FBA764B4F}.Release|x64.Build.0 = Release|x64
		{A157B468-ECFC-4D49-AF36-899FBA764B4F}.Release|x86.ActiveCfg = Release|Any CPU
		{A157B468-ECFC-4D49-AF36-899FBA764B4F}.Release|x86.Build.0 = Release|Any CPU
		{333AB436-43F1-4D10-9ACF-00664E8ABDE6}.Debug|Any CPU.ActiveCfg = Debug|Any CPU
		{333AB436-43F1-4D10-9ACF-00664E8ABDE6}.Debug|Any CPU.Build.0 = Debug|Any CPU
		{333AB436-43F1-4D10-9ACF-00664E8ABDE6}.Debug|arm64.ActiveCfg = Debug|Any CPU
		{333AB436-43F1-4D10-9ACF-00664E8ABDE6}.Debug|arm64.Build.0 = Debug|Any CPU
		{333AB436-43F1-4D10-9ACF-00664E8ABDE6}.Debug|x64.ActiveCfg = Debug|x64
		{333AB436-43F1-4D10-9ACF-00664E8ABDE6}.Debug|x64.Build.0 = Debug|x64
		{333AB436-43F1-4D10-9ACF-00664E8ABDE6}.Debug|x86.ActiveCfg = Debug|Any CPU
		{333AB436-43F1-4D10-9ACF-00664E8ABDE6}.Debug|x86.Build.0 = Debug|Any CPU
		{333AB436-43F1-4D10-9ACF-00664E8ABDE6}.Release|Any CPU.ActiveCfg = Release|Any CPU
		{333AB436-43F1-4D10-9ACF-00664E8ABDE6}.Release|Any CPU.Build.0 = Release|Any CPU
		{333AB436-43F1-4D10-9ACF-00664E8ABDE6}.Release|arm64.ActiveCfg = Release|Any CPU
		{333AB436-43F1-4D10-9ACF-00664E8ABDE6}.Release|arm64.Build.0 = Release|Any CPU
		{333AB436-43F1-4D10-9ACF-00664E8ABDE6}.Release|x64.ActiveCfg = Release|x64
		{333AB436-43F1-4D10-9ACF-00664E8ABDE6}.Release|x64.Build.0 = Release|x64
		{333AB436-43F1-4D10-9ACF-00664E8ABDE6}.Release|x86.ActiveCfg = Release|Any CPU
		{333AB436-43F1-4D10-9ACF-00664E8ABDE6}.Release|x86.Build.0 = Release|Any CPU
		{6C9939FC-0B11-4B0B-B244-1EC07AA4940D}.Debug|Any CPU.ActiveCfg = Debug|Any CPU
		{6C9939FC-0B11-4B0B-B244-1EC07AA4940D}.Debug|Any CPU.Build.0 = Debug|Any CPU
		{6C9939FC-0B11-4B0B-B244-1EC07AA4940D}.Debug|arm64.ActiveCfg = Debug|Any CPU
		{6C9939FC-0B11-4B0B-B244-1EC07AA4940D}.Debug|arm64.Build.0 = Debug|Any CPU
		{6C9939FC-0B11-4B0B-B244-1EC07AA4940D}.Debug|x64.ActiveCfg = Debug|x64
		{6C9939FC-0B11-4B0B-B244-1EC07AA4940D}.Debug|x64.Build.0 = Debug|x64
		{6C9939FC-0B11-4B0B-B244-1EC07AA4940D}.Debug|x86.ActiveCfg = Debug|Any CPU
		{6C9939FC-0B11-4B0B-B244-1EC07AA4940D}.Debug|x86.Build.0 = Debug|Any CPU
		{6C9939FC-0B11-4B0B-B244-1EC07AA4940D}.Release|Any CPU.ActiveCfg = Release|Any CPU
		{6C9939FC-0B11-4B0B-B244-1EC07AA4940D}.Release|Any CPU.Build.0 = Release|Any CPU
		{6C9939FC-0B11-4B0B-B244-1EC07AA4940D}.Release|arm64.ActiveCfg = Release|Any CPU
		{6C9939FC-0B11-4B0B-B244-1EC07AA4940D}.Release|arm64.Build.0 = Release|Any CPU
		{6C9939FC-0B11-4B0B-B244-1EC07AA4940D}.Release|x64.ActiveCfg = Release|x64
		{6C9939FC-0B11-4B0B-B244-1EC07AA4940D}.Release|x64.Build.0 = Release|x64
		{6C9939FC-0B11-4B0B-B244-1EC07AA4940D}.Release|x86.ActiveCfg = Release|Any CPU
		{6C9939FC-0B11-4B0B-B244-1EC07AA4940D}.Release|x86.Build.0 = Release|Any CPU
		{C8985916-F639-4063-8776-5E62B5E243DF}.Debug|Any CPU.ActiveCfg = Debug|Any CPU
		{C8985916-F639-4063-8776-5E62B5E243DF}.Debug|Any CPU.Build.0 = Debug|Any CPU
		{C8985916-F639-4063-8776-5E62B5E243DF}.Debug|arm64.ActiveCfg = Debug|Any CPU
		{C8985916-F639-4063-8776-5E62B5E243DF}.Debug|arm64.Build.0 = Debug|Any CPU
		{C8985916-F639-4063-8776-5E62B5E243DF}.Debug|x64.ActiveCfg = Debug|x64
		{C8985916-F639-4063-8776-5E62B5E243DF}.Debug|x64.Build.0 = Debug|x64
		{C8985916-F639-4063-8776-5E62B5E243DF}.Debug|x86.ActiveCfg = Debug|Any CPU
		{C8985916-F639-4063-8776-5E62B5E243DF}.Debug|x86.Build.0 = Debug|Any CPU
		{C8985916-F639-4063-8776-5E62B5E243DF}.Release|Any CPU.ActiveCfg = Release|Any CPU
		{C8985916-F639-4063-8776-5E62B5E243DF}.Release|Any CPU.Build.0 = Release|Any CPU
		{C8985916-F639-4063-8776-5E62B5E243DF}.Release|arm64.ActiveCfg = Release|Any CPU
		{C8985916-F639-4063-8776-5E62B5E243DF}.Release|arm64.Build.0 = Release|Any CPU
		{C8985916-F639-4063-8776-5E62B5E243DF}.Release|x64.ActiveCfg = Release|x64
		{C8985916-F639-4063-8776-5E62B5E243DF}.Release|x64.Build.0 = Release|x64
		{C8985916-F639-4063-8776-5E62B5E243DF}.Release|x86.ActiveCfg = Release|Any CPU
		{C8985916-F639-4063-8776-5E62B5E243DF}.Release|x86.Build.0 = Release|Any CPU
		{01E73ADC-EE99-4E66-9418-C3BBE0E46E7B}.Debug|Any CPU.ActiveCfg = Debug|Any CPU
		{01E73ADC-EE99-4E66-9418-C3BBE0E46E7B}.Debug|Any CPU.Build.0 = Debug|Any CPU
		{01E73ADC-EE99-4E66-9418-C3BBE0E46E7B}.Debug|arm64.ActiveCfg = Debug|Any CPU
		{01E73ADC-EE99-4E66-9418-C3BBE0E46E7B}.Debug|arm64.Build.0 = Debug|Any CPU
		{01E73ADC-EE99-4E66-9418-C3BBE0E46E7B}.Debug|x64.ActiveCfg = Debug|x64
		{01E73ADC-EE99-4E66-9418-C3BBE0E46E7B}.Debug|x64.Build.0 = Debug|x64
		{01E73ADC-EE99-4E66-9418-C3BBE0E46E7B}.Debug|x86.ActiveCfg = Debug|Any CPU
		{01E73ADC-EE99-4E66-9418-C3BBE0E46E7B}.Debug|x86.Build.0 = Debug|Any CPU
		{01E73ADC-EE99-4E66-9418-C3BBE0E46E7B}.Release|Any CPU.ActiveCfg = Release|Any CPU
		{01E73ADC-EE99-4E66-9418-C3BBE0E46E7B}.Release|Any CPU.Build.0 = Release|Any CPU
		{01E73ADC-EE99-4E66-9418-C3BBE0E46E7B}.Release|arm64.ActiveCfg = Release|Any CPU
		{01E73ADC-EE99-4E66-9418-C3BBE0E46E7B}.Release|arm64.Build.0 = Release|Any CPU
		{01E73ADC-EE99-4E66-9418-C3BBE0E46E7B}.Release|x64.ActiveCfg = Release|x64
		{01E73ADC-EE99-4E66-9418-C3BBE0E46E7B}.Release|x64.Build.0 = Release|x64
		{01E73ADC-EE99-4E66-9418-C3BBE0E46E7B}.Release|x86.ActiveCfg = Release|Any CPU
		{01E73ADC-EE99-4E66-9418-C3BBE0E46E7B}.Release|x86.Build.0 = Release|Any CPU
		{96710238-A4A7-4C31-BAE1-2BE45B12D745}.Debug|Any CPU.ActiveCfg = Debug|Any CPU
		{96710238-A4A7-4C31-BAE1-2BE45B12D745}.Debug|Any CPU.Build.0 = Debug|Any CPU
		{96710238-A4A7-4C31-BAE1-2BE45B12D745}.Debug|arm64.ActiveCfg = Debug|Any CPU
		{96710238-A4A7-4C31-BAE1-2BE45B12D745}.Debug|arm64.Build.0 = Debug|Any CPU
		{96710238-A4A7-4C31-BAE1-2BE45B12D745}.Debug|x64.ActiveCfg = Debug|x64
		{96710238-A4A7-4C31-BAE1-2BE45B12D745}.Debug|x64.Build.0 = Debug|x64
		{96710238-A4A7-4C31-BAE1-2BE45B12D745}.Debug|x86.ActiveCfg = Debug|Any CPU
		{96710238-A4A7-4C31-BAE1-2BE45B12D745}.Debug|x86.Build.0 = Debug|Any CPU
		{96710238-A4A7-4C31-BAE1-2BE45B12D745}.Release|Any CPU.ActiveCfg = Release|Any CPU
		{96710238-A4A7-4C31-BAE1-2BE45B12D745}.Release|Any CPU.Build.0 = Release|Any CPU
		{96710238-A4A7-4C31-BAE1-2BE45B12D745}.Release|arm64.ActiveCfg = Release|Any CPU
		{96710238-A4A7-4C31-BAE1-2BE45B12D745}.Release|arm64.Build.0 = Release|Any CPU
		{96710238-A4A7-4C31-BAE1-2BE45B12D745}.Release|x64.ActiveCfg = Release|x64
		{96710238-A4A7-4C31-BAE1-2BE45B12D745}.Release|x64.Build.0 = Release|x64
		{96710238-A4A7-4C31-BAE1-2BE45B12D745}.Release|x86.ActiveCfg = Release|Any CPU
		{96710238-A4A7-4C31-BAE1-2BE45B12D745}.Release|x86.Build.0 = Release|Any CPU
		{4F3E1683-EA7E-4851-BA19-A3F81905FBFA}.Debug|Any CPU.ActiveCfg = Debug|Any CPU
		{4F3E1683-EA7E-4851-BA19-A3F81905FBFA}.Debug|Any CPU.Build.0 = Debug|Any CPU
		{4F3E1683-EA7E-4851-BA19-A3F81905FBFA}.Debug|arm64.ActiveCfg = Debug|Any CPU
		{4F3E1683-EA7E-4851-BA19-A3F81905FBFA}.Debug|arm64.Build.0 = Debug|Any CPU
		{4F3E1683-EA7E-4851-BA19-A3F81905FBFA}.Debug|x64.ActiveCfg = Debug|x64
		{4F3E1683-EA7E-4851-BA19-A3F81905FBFA}.Debug|x64.Build.0 = Debug|x64
		{4F3E1683-EA7E-4851-BA19-A3F81905FBFA}.Debug|x86.ActiveCfg = Debug|Any CPU
		{4F3E1683-EA7E-4851-BA19-A3F81905FBFA}.Debug|x86.Build.0 = Debug|Any CPU
		{4F3E1683-EA7E-4851-BA19-A3F81905FBFA}.Release|Any CPU.ActiveCfg = Release|Any CPU
		{4F3E1683-EA7E-4851-BA19-A3F81905FBFA}.Release|Any CPU.Build.0 = Release|Any CPU
		{4F3E1683-EA7E-4851-BA19-A3F81905FBFA}.Release|arm64.ActiveCfg = Release|Any CPU
		{4F3E1683-EA7E-4851-BA19-A3F81905FBFA}.Release|arm64.Build.0 = Release|Any CPU
		{4F3E1683-EA7E-4851-BA19-A3F81905FBFA}.Release|x64.ActiveCfg = Release|x64
		{4F3E1683-EA7E-4851-BA19-A3F81905FBFA}.Release|x64.Build.0 = Release|x64
		{4F3E1683-EA7E-4851-BA19-A3F81905FBFA}.Release|x86.ActiveCfg = Release|Any CPU
		{4F3E1683-EA7E-4851-BA19-A3F81905FBFA}.Release|x86.Build.0 = Release|Any CPU
		{51F8A0B8-4BA2-4442-986E-99F554B9B5B1}.Debug|Any CPU.ActiveCfg = Debug|Any CPU
		{51F8A0B8-4BA2-4442-986E-99F554B9B5B1}.Debug|Any CPU.Build.0 = Debug|Any CPU
		{51F8A0B8-4BA2-4442-986E-99F554B9B5B1}.Debug|arm64.ActiveCfg = Debug|Any CPU
		{51F8A0B8-4BA2-4442-986E-99F554B9B5B1}.Debug|arm64.Build.0 = Debug|Any CPU
		{51F8A0B8-4BA2-4442-986E-99F554B9B5B1}.Debug|x64.ActiveCfg = Debug|x64
		{51F8A0B8-4BA2-4442-986E-99F554B9B5B1}.Debug|x64.Build.0 = Debug|x64
		{51F8A0B8-4BA2-4442-986E-99F554B9B5B1}.Debug|x86.ActiveCfg = Debug|Any CPU
		{51F8A0B8-4BA2-4442-986E-99F554B9B5B1}.Debug|x86.Build.0 = Debug|Any CPU
		{51F8A0B8-4BA2-4442-986E-99F554B9B5B1}.Release|Any CPU.ActiveCfg = Release|Any CPU
		{51F8A0B8-4BA2-4442-986E-99F554B9B5B1}.Release|Any CPU.Build.0 = Release|Any CPU
		{51F8A0B8-4BA2-4442-986E-99F554B9B5B1}.Release|arm64.ActiveCfg = Release|Any CPU
		{51F8A0B8-4BA2-4442-986E-99F554B9B5B1}.Release|arm64.Build.0 = Release|Any CPU
		{51F8A0B8-4BA2-4442-986E-99F554B9B5B1}.Release|x64.ActiveCfg = Release|x64
		{51F8A0B8-4BA2-4442-986E-99F554B9B5B1}.Release|x64.Build.0 = Release|x64
		{51F8A0B8-4BA2-4442-986E-99F554B9B5B1}.Release|x86.ActiveCfg = Release|Any CPU
		{51F8A0B8-4BA2-4442-986E-99F554B9B5B1}.Release|x86.Build.0 = Release|Any CPU
		{8F97047A-4632-43D2-BE6C-D79A8E7B94A1}.Debug|Any CPU.ActiveCfg = Debug|Any CPU
		{8F97047A-4632-43D2-BE6C-D79A8E7B94A1}.Debug|Any CPU.Build.0 = Debug|Any CPU
		{8F97047A-4632-43D2-BE6C-D79A8E7B94A1}.Debug|arm64.ActiveCfg = Debug|Any CPU
		{8F97047A-4632-43D2-BE6C-D79A8E7B94A1}.Debug|arm64.Build.0 = Debug|Any CPU
		{8F97047A-4632-43D2-BE6C-D79A8E7B94A1}.Debug|x64.ActiveCfg = Debug|x64
		{8F97047A-4632-43D2-BE6C-D79A8E7B94A1}.Debug|x64.Build.0 = Debug|x64
		{8F97047A-4632-43D2-BE6C-D79A8E7B94A1}.Debug|x86.ActiveCfg = Debug|Any CPU
		{8F97047A-4632-43D2-BE6C-D79A8E7B94A1}.Debug|x86.Build.0 = Debug|Any CPU
		{8F97047A-4632-43D2-BE6C-D79A8E7B94A1}.Release|Any CPU.ActiveCfg = Release|Any CPU
		{8F97047A-4632-43D2-BE6C-D79A8E7B94A1}.Release|Any CPU.Build.0 = Release|Any CPU
		{8F97047A-4632-43D2-BE6C-D79A8E7B94A1}.Release|arm64.ActiveCfg = Release|Any CPU
		{8F97047A-4632-43D2-BE6C-D79A8E7B94A1}.Release|arm64.Build.0 = Release|Any CPU
		{8F97047A-4632-43D2-BE6C-D79A8E7B94A1}.Release|x64.ActiveCfg = Release|x64
		{8F97047A-4632-43D2-BE6C-D79A8E7B94A1}.Release|x64.Build.0 = Release|x64
		{8F97047A-4632-43D2-BE6C-D79A8E7B94A1}.Release|x86.ActiveCfg = Release|Any CPU
		{8F97047A-4632-43D2-BE6C-D79A8E7B94A1}.Release|x86.Build.0 = Release|Any CPU
		{3F0B8C9E-EBFD-4A27-8080-D60418449217}.Debug|Any CPU.ActiveCfg = Debug|Any CPU
		{3F0B8C9E-EBFD-4A27-8080-D60418449217}.Debug|Any CPU.Build.0 = Debug|Any CPU
		{3F0B8C9E-EBFD-4A27-8080-D60418449217}.Debug|arm64.ActiveCfg = Debug|Any CPU
		{3F0B8C9E-EBFD-4A27-8080-D60418449217}.Debug|arm64.Build.0 = Debug|Any CPU
		{3F0B8C9E-EBFD-4A27-8080-D60418449217}.Debug|x64.ActiveCfg = Debug|x64
		{3F0B8C9E-EBFD-4A27-8080-D60418449217}.Debug|x64.Build.0 = Debug|x64
		{3F0B8C9E-EBFD-4A27-8080-D60418449217}.Debug|x86.ActiveCfg = Debug|Any CPU
		{3F0B8C9E-EBFD-4A27-8080-D60418449217}.Debug|x86.Build.0 = Debug|Any CPU
		{3F0B8C9E-EBFD-4A27-8080-D60418449217}.Release|Any CPU.ActiveCfg = Release|Any CPU
		{3F0B8C9E-EBFD-4A27-8080-D60418449217}.Release|Any CPU.Build.0 = Release|Any CPU
		{3F0B8C9E-EBFD-4A27-8080-D60418449217}.Release|arm64.ActiveCfg = Release|Any CPU
		{3F0B8C9E-EBFD-4A27-8080-D60418449217}.Release|arm64.Build.0 = Release|Any CPU
		{3F0B8C9E-EBFD-4A27-8080-D60418449217}.Release|x64.ActiveCfg = Release|x64
		{3F0B8C9E-EBFD-4A27-8080-D60418449217}.Release|x64.Build.0 = Release|x64
		{3F0B8C9E-EBFD-4A27-8080-D60418449217}.Release|x86.ActiveCfg = Release|Any CPU
		{3F0B8C9E-EBFD-4A27-8080-D60418449217}.Release|x86.Build.0 = Release|Any CPU
		{E6BC484B-A042-4CA6-9079-E91136D92207}.Debug|Any CPU.ActiveCfg = Debug|Any CPU
		{E6BC484B-A042-4CA6-9079-E91136D92207}.Debug|Any CPU.Build.0 = Debug|Any CPU
		{E6BC484B-A042-4CA6-9079-E91136D92207}.Debug|arm64.ActiveCfg = Debug|Any CPU
		{E6BC484B-A042-4CA6-9079-E91136D92207}.Debug|arm64.Build.0 = Debug|Any CPU
		{E6BC484B-A042-4CA6-9079-E91136D92207}.Debug|x64.ActiveCfg = Debug|x64
		{E6BC484B-A042-4CA6-9079-E91136D92207}.Debug|x64.Build.0 = Debug|x64
		{E6BC484B-A042-4CA6-9079-E91136D92207}.Debug|x86.ActiveCfg = Debug|Any CPU
		{E6BC484B-A042-4CA6-9079-E91136D92207}.Debug|x86.Build.0 = Debug|Any CPU
		{E6BC484B-A042-4CA6-9079-E91136D92207}.Release|Any CPU.ActiveCfg = Release|Any CPU
		{E6BC484B-A042-4CA6-9079-E91136D92207}.Release|Any CPU.Build.0 = Release|Any CPU
		{E6BC484B-A042-4CA6-9079-E91136D92207}.Release|arm64.ActiveCfg = Release|Any CPU
		{E6BC484B-A042-4CA6-9079-E91136D92207}.Release|arm64.Build.0 = Release|Any CPU
		{E6BC484B-A042-4CA6-9079-E91136D92207}.Release|x64.ActiveCfg = Release|x64
		{E6BC484B-A042-4CA6-9079-E91136D92207}.Release|x64.Build.0 = Release|x64
		{E6BC484B-A042-4CA6-9079-E91136D92207}.Release|x86.ActiveCfg = Release|Any CPU
		{E6BC484B-A042-4CA6-9079-E91136D92207}.Release|x86.Build.0 = Release|Any CPU
		{36F9AD6F-B615-4189-867D-3BDEFA1E8509}.Debug|Any CPU.ActiveCfg = Debug|Any CPU
		{36F9AD6F-B615-4189-867D-3BDEFA1E8509}.Debug|Any CPU.Build.0 = Debug|Any CPU
		{36F9AD6F-B615-4189-867D-3BDEFA1E8509}.Debug|arm64.ActiveCfg = Debug|Any CPU
		{36F9AD6F-B615-4189-867D-3BDEFA1E8509}.Debug|arm64.Build.0 = Debug|Any CPU
		{36F9AD6F-B615-4189-867D-3BDEFA1E8509}.Debug|x64.ActiveCfg = Debug|x64
		{36F9AD6F-B615-4189-867D-3BDEFA1E8509}.Debug|x64.Build.0 = Debug|x64
		{36F9AD6F-B615-4189-867D-3BDEFA1E8509}.Debug|x86.ActiveCfg = Debug|Any CPU
		{36F9AD6F-B615-4189-867D-3BDEFA1E8509}.Debug|x86.Build.0 = Debug|Any CPU
		{36F9AD6F-B615-4189-867D-3BDEFA1E8509}.Release|Any CPU.ActiveCfg = Release|Any CPU
		{36F9AD6F-B615-4189-867D-3BDEFA1E8509}.Release|Any CPU.Build.0 = Release|Any CPU
		{36F9AD6F-B615-4189-867D-3BDEFA1E8509}.Release|arm64.ActiveCfg = Release|Any CPU
		{36F9AD6F-B615-4189-867D-3BDEFA1E8509}.Release|arm64.Build.0 = Release|Any CPU
		{36F9AD6F-B615-4189-867D-3BDEFA1E8509}.Release|x64.ActiveCfg = Release|x64
		{36F9AD6F-B615-4189-867D-3BDEFA1E8509}.Release|x64.Build.0 = Release|x64
		{36F9AD6F-B615-4189-867D-3BDEFA1E8509}.Release|x86.ActiveCfg = Release|Any CPU
		{36F9AD6F-B615-4189-867D-3BDEFA1E8509}.Release|x86.Build.0 = Release|Any CPU
		{2EC13BC8-E357-4F93-89A9-C937954959C7}.Debug|Any CPU.ActiveCfg = Debug|Any CPU
		{2EC13BC8-E357-4F93-89A9-C937954959C7}.Debug|Any CPU.Build.0 = Debug|Any CPU
		{2EC13BC8-E357-4F93-89A9-C937954959C7}.Debug|arm64.ActiveCfg = Debug|Any CPU
		{2EC13BC8-E357-4F93-89A9-C937954959C7}.Debug|arm64.Build.0 = Debug|Any CPU
		{2EC13BC8-E357-4F93-89A9-C937954959C7}.Debug|x64.ActiveCfg = Debug|Any CPU
		{2EC13BC8-E357-4F93-89A9-C937954959C7}.Debug|x64.Build.0 = Debug|Any CPU
		{2EC13BC8-E357-4F93-89A9-C937954959C7}.Debug|x86.ActiveCfg = Debug|Any CPU
		{2EC13BC8-E357-4F93-89A9-C937954959C7}.Debug|x86.Build.0 = Debug|Any CPU
		{2EC13BC8-E357-4F93-89A9-C937954959C7}.Release|Any CPU.ActiveCfg = Release|Any CPU
		{2EC13BC8-E357-4F93-89A9-C937954959C7}.Release|Any CPU.Build.0 = Release|Any CPU
		{2EC13BC8-E357-4F93-89A9-C937954959C7}.Release|arm64.ActiveCfg = Release|Any CPU
		{2EC13BC8-E357-4F93-89A9-C937954959C7}.Release|arm64.Build.0 = Release|Any CPU
		{2EC13BC8-E357-4F93-89A9-C937954959C7}.Release|x64.ActiveCfg = Release|Any CPU
		{2EC13BC8-E357-4F93-89A9-C937954959C7}.Release|x64.Build.0 = Release|Any CPU
		{2EC13BC8-E357-4F93-89A9-C937954959C7}.Release|x86.ActiveCfg = Release|Any CPU
		{2EC13BC8-E357-4F93-89A9-C937954959C7}.Release|x86.Build.0 = Release|Any CPU
		{924600E8-B9B9-477F-A61A-D76CCA0AC882}.Debug|Any CPU.ActiveCfg = Debug|Any CPU
		{924600E8-B9B9-477F-A61A-D76CCA0AC882}.Debug|Any CPU.Build.0 = Debug|Any CPU
		{924600E8-B9B9-477F-A61A-D76CCA0AC882}.Debug|arm64.ActiveCfg = Debug|Any CPU
		{924600E8-B9B9-477F-A61A-D76CCA0AC882}.Debug|arm64.Build.0 = Debug|Any CPU
		{924600E8-B9B9-477F-A61A-D76CCA0AC882}.Debug|x64.ActiveCfg = Debug|Any CPU
		{924600E8-B9B9-477F-A61A-D76CCA0AC882}.Debug|x64.Build.0 = Debug|Any CPU
		{924600E8-B9B9-477F-A61A-D76CCA0AC882}.Debug|x86.ActiveCfg = Debug|Any CPU
		{924600E8-B9B9-477F-A61A-D76CCA0AC882}.Debug|x86.Build.0 = Debug|Any CPU
		{924600E8-B9B9-477F-A61A-D76CCA0AC882}.Release|Any CPU.ActiveCfg = Release|Any CPU
		{924600E8-B9B9-477F-A61A-D76CCA0AC882}.Release|Any CPU.Build.0 = Release|Any CPU
		{924600E8-B9B9-477F-A61A-D76CCA0AC882}.Release|arm64.ActiveCfg = Release|Any CPU
		{924600E8-B9B9-477F-A61A-D76CCA0AC882}.Release|arm64.Build.0 = Release|Any CPU
		{924600E8-B9B9-477F-A61A-D76CCA0AC882}.Release|x64.ActiveCfg = Release|Any CPU
		{924600E8-B9B9-477F-A61A-D76CCA0AC882}.Release|x64.Build.0 = Release|Any CPU
		{924600E8-B9B9-477F-A61A-D76CCA0AC882}.Release|x86.ActiveCfg = Release|Any CPU
		{924600E8-B9B9-477F-A61A-D76CCA0AC882}.Release|x86.Build.0 = Release|Any CPU
		{477C10FD-8CF2-477F-9B15-B474DF647E95}.Debug|Any CPU.ActiveCfg = Debug|Any CPU
		{477C10FD-8CF2-477F-9B15-B474DF647E95}.Debug|Any CPU.Build.0 = Debug|Any CPU
		{477C10FD-8CF2-477F-9B15-B474DF647E95}.Debug|arm64.ActiveCfg = Debug|Any CPU
		{477C10FD-8CF2-477F-9B15-B474DF647E95}.Debug|arm64.Build.0 = Debug|Any CPU
		{477C10FD-8CF2-477F-9B15-B474DF647E95}.Debug|x64.ActiveCfg = Debug|Any CPU
		{477C10FD-8CF2-477F-9B15-B474DF647E95}.Debug|x64.Build.0 = Debug|Any CPU
		{477C10FD-8CF2-477F-9B15-B474DF647E95}.Debug|x86.ActiveCfg = Debug|Any CPU
		{477C10FD-8CF2-477F-9B15-B474DF647E95}.Debug|x86.Build.0 = Debug|Any CPU
		{477C10FD-8CF2-477F-9B15-B474DF647E95}.Release|Any CPU.ActiveCfg = Release|Any CPU
		{477C10FD-8CF2-477F-9B15-B474DF647E95}.Release|Any CPU.Build.0 = Release|Any CPU
		{477C10FD-8CF2-477F-9B15-B474DF647E95}.Release|arm64.ActiveCfg = Release|Any CPU
		{477C10FD-8CF2-477F-9B15-B474DF647E95}.Release|arm64.Build.0 = Release|Any CPU
		{477C10FD-8CF2-477F-9B15-B474DF647E95}.Release|x64.ActiveCfg = Release|Any CPU
		{477C10FD-8CF2-477F-9B15-B474DF647E95}.Release|x64.Build.0 = Release|Any CPU
		{477C10FD-8CF2-477F-9B15-B474DF647E95}.Release|x86.ActiveCfg = Release|Any CPU
		{477C10FD-8CF2-477F-9B15-B474DF647E95}.Release|x86.Build.0 = Release|Any CPU
		{7CD392B4-ED17-4ABA-9E0A-BA45DB728FC6}.Debug|Any CPU.ActiveCfg = Debug|Any CPU
		{7CD392B4-ED17-4ABA-9E0A-BA45DB728FC6}.Debug|Any CPU.Build.0 = Debug|Any CPU
		{7CD392B4-ED17-4ABA-9E0A-BA45DB728FC6}.Debug|arm64.ActiveCfg = Debug|Any CPU
		{7CD392B4-ED17-4ABA-9E0A-BA45DB728FC6}.Debug|arm64.Build.0 = Debug|Any CPU
		{7CD392B4-ED17-4ABA-9E0A-BA45DB728FC6}.Debug|x64.ActiveCfg = Debug|Any CPU
		{7CD392B4-ED17-4ABA-9E0A-BA45DB728FC6}.Debug|x64.Build.0 = Debug|Any CPU
		{7CD392B4-ED17-4ABA-9E0A-BA45DB728FC6}.Debug|x86.ActiveCfg = Debug|Any CPU
		{7CD392B4-ED17-4ABA-9E0A-BA45DB728FC6}.Debug|x86.Build.0 = Debug|Any CPU
		{7CD392B4-ED17-4ABA-9E0A-BA45DB728FC6}.Release|Any CPU.ActiveCfg = Release|Any CPU
		{7CD392B4-ED17-4ABA-9E0A-BA45DB728FC6}.Release|Any CPU.Build.0 = Release|Any CPU
		{7CD392B4-ED17-4ABA-9E0A-BA45DB728FC6}.Release|arm64.ActiveCfg = Release|Any CPU
		{7CD392B4-ED17-4ABA-9E0A-BA45DB728FC6}.Release|arm64.Build.0 = Release|Any CPU
		{7CD392B4-ED17-4ABA-9E0A-BA45DB728FC6}.Release|x64.ActiveCfg = Release|Any CPU
		{7CD392B4-ED17-4ABA-9E0A-BA45DB728FC6}.Release|x64.Build.0 = Release|Any CPU
		{7CD392B4-ED17-4ABA-9E0A-BA45DB728FC6}.Release|x86.ActiveCfg = Release|Any CPU
		{7CD392B4-ED17-4ABA-9E0A-BA45DB728FC6}.Release|x86.Build.0 = Release|Any CPU
		{84BF81C9-89D5-4BB9-834D-449DF60BDBD0}.Debug|Any CPU.ActiveCfg = Debug|Any CPU
		{84BF81C9-89D5-4BB9-834D-449DF60BDBD0}.Debug|Any CPU.Build.0 = Debug|Any CPU
		{84BF81C9-89D5-4BB9-834D-449DF60BDBD0}.Debug|arm64.ActiveCfg = Debug|Any CPU
		{84BF81C9-89D5-4BB9-834D-449DF60BDBD0}.Debug|arm64.Build.0 = Debug|Any CPU
		{84BF81C9-89D5-4BB9-834D-449DF60BDBD0}.Debug|x64.ActiveCfg = Debug|Any CPU
		{84BF81C9-89D5-4BB9-834D-449DF60BDBD0}.Debug|x64.Build.0 = Debug|Any CPU
		{84BF81C9-89D5-4BB9-834D-449DF60BDBD0}.Debug|x86.ActiveCfg = Debug|Any CPU
		{84BF81C9-89D5-4BB9-834D-449DF60BDBD0}.Debug|x86.Build.0 = Debug|Any CPU
		{84BF81C9-89D5-4BB9-834D-449DF60BDBD0}.Release|Any CPU.ActiveCfg = Release|Any CPU
		{84BF81C9-89D5-4BB9-834D-449DF60BDBD0}.Release|Any CPU.Build.0 = Release|Any CPU
		{84BF81C9-89D5-4BB9-834D-449DF60BDBD0}.Release|arm64.ActiveCfg = Release|Any CPU
		{84BF81C9-89D5-4BB9-834D-449DF60BDBD0}.Release|arm64.Build.0 = Release|Any CPU
		{84BF81C9-89D5-4BB9-834D-449DF60BDBD0}.Release|x64.ActiveCfg = Release|Any CPU
		{84BF81C9-89D5-4BB9-834D-449DF60BDBD0}.Release|x64.Build.0 = Release|Any CPU
		{84BF81C9-89D5-4BB9-834D-449DF60BDBD0}.Release|x86.ActiveCfg = Release|Any CPU
		{84BF81C9-89D5-4BB9-834D-449DF60BDBD0}.Release|x86.Build.0 = Release|Any CPU
		{F582C43E-9481-4259-B249-F3E9F02724F0}.Debug|Any CPU.ActiveCfg = Debug|Any CPU
		{F582C43E-9481-4259-B249-F3E9F02724F0}.Debug|Any CPU.Build.0 = Debug|Any CPU
		{F582C43E-9481-4259-B249-F3E9F02724F0}.Debug|arm64.ActiveCfg = Debug|Any CPU
		{F582C43E-9481-4259-B249-F3E9F02724F0}.Debug|arm64.Build.0 = Debug|Any CPU
		{F582C43E-9481-4259-B249-F3E9F02724F0}.Debug|x64.ActiveCfg = Debug|Any CPU
		{F582C43E-9481-4259-B249-F3E9F02724F0}.Debug|x64.Build.0 = Debug|Any CPU
		{F582C43E-9481-4259-B249-F3E9F02724F0}.Debug|x86.ActiveCfg = Debug|Any CPU
		{F582C43E-9481-4259-B249-F3E9F02724F0}.Debug|x86.Build.0 = Debug|Any CPU
		{F582C43E-9481-4259-B249-F3E9F02724F0}.Release|Any CPU.ActiveCfg = Release|Any CPU
		{F582C43E-9481-4259-B249-F3E9F02724F0}.Release|Any CPU.Build.0 = Release|Any CPU
		{F582C43E-9481-4259-B249-F3E9F02724F0}.Release|arm64.ActiveCfg = Release|Any CPU
		{F582C43E-9481-4259-B249-F3E9F02724F0}.Release|arm64.Build.0 = Release|Any CPU
		{F582C43E-9481-4259-B249-F3E9F02724F0}.Release|x64.ActiveCfg = Release|Any CPU
		{F582C43E-9481-4259-B249-F3E9F02724F0}.Release|x64.Build.0 = Release|Any CPU
		{F582C43E-9481-4259-B249-F3E9F02724F0}.Release|x86.ActiveCfg = Release|Any CPU
		{F582C43E-9481-4259-B249-F3E9F02724F0}.Release|x86.Build.0 = Release|Any CPU
		{04D7D91C-0836-4F94-A73F-FDC8781A8678}.Debug|Any CPU.ActiveCfg = Debug|Any CPU
		{04D7D91C-0836-4F94-A73F-FDC8781A8678}.Debug|Any CPU.Build.0 = Debug|Any CPU
		{04D7D91C-0836-4F94-A73F-FDC8781A8678}.Debug|arm64.ActiveCfg = Debug|Any CPU
		{04D7D91C-0836-4F94-A73F-FDC8781A8678}.Debug|arm64.Build.0 = Debug|Any CPU
		{04D7D91C-0836-4F94-A73F-FDC8781A8678}.Debug|x64.ActiveCfg = Debug|Any CPU
		{04D7D91C-0836-4F94-A73F-FDC8781A8678}.Debug|x64.Build.0 = Debug|Any CPU
		{04D7D91C-0836-4F94-A73F-FDC8781A8678}.Debug|x86.ActiveCfg = Debug|Any CPU
		{04D7D91C-0836-4F94-A73F-FDC8781A8678}.Debug|x86.Build.0 = Debug|Any CPU
		{04D7D91C-0836-4F94-A73F-FDC8781A8678}.Release|Any CPU.ActiveCfg = Release|Any CPU
		{04D7D91C-0836-4F94-A73F-FDC8781A8678}.Release|Any CPU.Build.0 = Release|Any CPU
		{04D7D91C-0836-4F94-A73F-FDC8781A8678}.Release|arm64.ActiveCfg = Release|Any CPU
		{04D7D91C-0836-4F94-A73F-FDC8781A8678}.Release|arm64.Build.0 = Release|Any CPU
		{04D7D91C-0836-4F94-A73F-FDC8781A8678}.Release|x64.ActiveCfg = Release|Any CPU
		{04D7D91C-0836-4F94-A73F-FDC8781A8678}.Release|x64.Build.0 = Release|Any CPU
		{04D7D91C-0836-4F94-A73F-FDC8781A8678}.Release|x86.ActiveCfg = Release|Any CPU
		{04D7D91C-0836-4F94-A73F-FDC8781A8678}.Release|x86.Build.0 = Release|Any CPU
		{66AC813D-D9A3-4FB7-BB86-5D03EA14082F}.Debug|Any CPU.ActiveCfg = Debug|Any CPU
		{66AC813D-D9A3-4FB7-BB86-5D03EA14082F}.Debug|Any CPU.Build.0 = Debug|Any CPU
		{66AC813D-D9A3-4FB7-BB86-5D03EA14082F}.Debug|arm64.ActiveCfg = Debug|Any CPU
		{66AC813D-D9A3-4FB7-BB86-5D03EA14082F}.Debug|arm64.Build.0 = Debug|Any CPU
		{66AC813D-D9A3-4FB7-BB86-5D03EA14082F}.Debug|x64.ActiveCfg = Debug|Any CPU
		{66AC813D-D9A3-4FB7-BB86-5D03EA14082F}.Debug|x64.Build.0 = Debug|Any CPU
		{66AC813D-D9A3-4FB7-BB86-5D03EA14082F}.Debug|x86.ActiveCfg = Debug|Any CPU
		{66AC813D-D9A3-4FB7-BB86-5D03EA14082F}.Debug|x86.Build.0 = Debug|Any CPU
		{66AC813D-D9A3-4FB7-BB86-5D03EA14082F}.Release|Any CPU.ActiveCfg = Release|Any CPU
		{66AC813D-D9A3-4FB7-BB86-5D03EA14082F}.Release|Any CPU.Build.0 = Release|Any CPU
		{66AC813D-D9A3-4FB7-BB86-5D03EA14082F}.Release|arm64.ActiveCfg = Release|Any CPU
		{66AC813D-D9A3-4FB7-BB86-5D03EA14082F}.Release|arm64.Build.0 = Release|Any CPU
		{66AC813D-D9A3-4FB7-BB86-5D03EA14082F}.Release|x64.ActiveCfg = Release|Any CPU
		{66AC813D-D9A3-4FB7-BB86-5D03EA14082F}.Release|x64.Build.0 = Release|Any CPU
		{66AC813D-D9A3-4FB7-BB86-5D03EA14082F}.Release|x86.ActiveCfg = Release|Any CPU
		{66AC813D-D9A3-4FB7-BB86-5D03EA14082F}.Release|x86.Build.0 = Release|Any CPU
		{B4201F08-3675-4BD6-97F9-D2C1FD2F79D3}.Debug|Any CPU.ActiveCfg = Debug|Any CPU
		{B4201F08-3675-4BD6-97F9-D2C1FD2F79D3}.Debug|Any CPU.Build.0 = Debug|Any CPU
		{B4201F08-3675-4BD6-97F9-D2C1FD2F79D3}.Debug|arm64.ActiveCfg = Debug|Any CPU
		{B4201F08-3675-4BD6-97F9-D2C1FD2F79D3}.Debug|arm64.Build.0 = Debug|Any CPU
		{B4201F08-3675-4BD6-97F9-D2C1FD2F79D3}.Debug|x64.ActiveCfg = Debug|Any CPU
		{B4201F08-3675-4BD6-97F9-D2C1FD2F79D3}.Debug|x64.Build.0 = Debug|Any CPU
		{B4201F08-3675-4BD6-97F9-D2C1FD2F79D3}.Debug|x86.ActiveCfg = Debug|Any CPU
		{B4201F08-3675-4BD6-97F9-D2C1FD2F79D3}.Debug|x86.Build.0 = Debug|Any CPU
		{B4201F08-3675-4BD6-97F9-D2C1FD2F79D3}.Release|Any CPU.ActiveCfg = Release|Any CPU
		{B4201F08-3675-4BD6-97F9-D2C1FD2F79D3}.Release|Any CPU.Build.0 = Release|Any CPU
		{B4201F08-3675-4BD6-97F9-D2C1FD2F79D3}.Release|arm64.ActiveCfg = Release|Any CPU
		{B4201F08-3675-4BD6-97F9-D2C1FD2F79D3}.Release|arm64.Build.0 = Release|Any CPU
		{B4201F08-3675-4BD6-97F9-D2C1FD2F79D3}.Release|x64.ActiveCfg = Release|Any CPU
		{B4201F08-3675-4BD6-97F9-D2C1FD2F79D3}.Release|x64.Build.0 = Release|Any CPU
		{B4201F08-3675-4BD6-97F9-D2C1FD2F79D3}.Release|x86.ActiveCfg = Release|Any CPU
		{B4201F08-3675-4BD6-97F9-D2C1FD2F79D3}.Release|x86.Build.0 = Release|Any CPU
		{101D9E34-AF11-46E1-A5C2-852F254ECB49}.Debug|Any CPU.ActiveCfg = Debug|Any CPU
		{101D9E34-AF11-46E1-A5C2-852F254ECB49}.Debug|Any CPU.Build.0 = Debug|Any CPU
		{101D9E34-AF11-46E1-A5C2-852F254ECB49}.Debug|arm64.ActiveCfg = Debug|Any CPU
		{101D9E34-AF11-46E1-A5C2-852F254ECB49}.Debug|arm64.Build.0 = Debug|Any CPU
		{101D9E34-AF11-46E1-A5C2-852F254ECB49}.Debug|x64.ActiveCfg = Debug|Any CPU
		{101D9E34-AF11-46E1-A5C2-852F254ECB49}.Debug|x64.Build.0 = Debug|Any CPU
		{101D9E34-AF11-46E1-A5C2-852F254ECB49}.Debug|x86.ActiveCfg = Debug|Any CPU
		{101D9E34-AF11-46E1-A5C2-852F254ECB49}.Debug|x86.Build.0 = Debug|Any CPU
		{101D9E34-AF11-46E1-A5C2-852F254ECB49}.Release|Any CPU.ActiveCfg = Release|Any CPU
		{101D9E34-AF11-46E1-A5C2-852F254ECB49}.Release|Any CPU.Build.0 = Release|Any CPU
		{101D9E34-AF11-46E1-A5C2-852F254ECB49}.Release|arm64.ActiveCfg = Release|Any CPU
		{101D9E34-AF11-46E1-A5C2-852F254ECB49}.Release|arm64.Build.0 = Release|Any CPU
		{101D9E34-AF11-46E1-A5C2-852F254ECB49}.Release|x64.ActiveCfg = Release|Any CPU
		{101D9E34-AF11-46E1-A5C2-852F254ECB49}.Release|x64.Build.0 = Release|Any CPU
		{101D9E34-AF11-46E1-A5C2-852F254ECB49}.Release|x86.ActiveCfg = Release|Any CPU
		{101D9E34-AF11-46E1-A5C2-852F254ECB49}.Release|x86.Build.0 = Release|Any CPU
		{C8B38123-7B68-497F-9AB8-03439A64EBF6}.Debug|Any CPU.ActiveCfg = Debug|Any CPU
		{C8B38123-7B68-497F-9AB8-03439A64EBF6}.Debug|Any CPU.Build.0 = Debug|Any CPU
		{C8B38123-7B68-497F-9AB8-03439A64EBF6}.Debug|arm64.ActiveCfg = Debug|Any CPU
		{C8B38123-7B68-497F-9AB8-03439A64EBF6}.Debug|arm64.Build.0 = Debug|Any CPU
		{C8B38123-7B68-497F-9AB8-03439A64EBF6}.Debug|x64.ActiveCfg = Debug|Any CPU
		{C8B38123-7B68-497F-9AB8-03439A64EBF6}.Debug|x64.Build.0 = Debug|Any CPU
		{C8B38123-7B68-497F-9AB8-03439A64EBF6}.Debug|x86.ActiveCfg = Debug|Any CPU
		{C8B38123-7B68-497F-9AB8-03439A64EBF6}.Debug|x86.Build.0 = Debug|Any CPU
		{C8B38123-7B68-497F-9AB8-03439A64EBF6}.Release|Any CPU.ActiveCfg = Release|Any CPU
		{C8B38123-7B68-497F-9AB8-03439A64EBF6}.Release|Any CPU.Build.0 = Release|Any CPU
		{C8B38123-7B68-497F-9AB8-03439A64EBF6}.Release|arm64.ActiveCfg = Release|Any CPU
		{C8B38123-7B68-497F-9AB8-03439A64EBF6}.Release|arm64.Build.0 = Release|Any CPU
		{C8B38123-7B68-497F-9AB8-03439A64EBF6}.Release|x64.ActiveCfg = Release|Any CPU
		{C8B38123-7B68-497F-9AB8-03439A64EBF6}.Release|x64.Build.0 = Release|Any CPU
		{C8B38123-7B68-497F-9AB8-03439A64EBF6}.Release|x86.ActiveCfg = Release|Any CPU
		{C8B38123-7B68-497F-9AB8-03439A64EBF6}.Release|x86.Build.0 = Release|Any CPU
		{A723BC15-D542-4064-ACD4-BFCB3EB80F52}.Debug|Any CPU.ActiveCfg = Debug|Any CPU
		{A723BC15-D542-4064-ACD4-BFCB3EB80F52}.Debug|Any CPU.Build.0 = Debug|Any CPU
		{A723BC15-D542-4064-ACD4-BFCB3EB80F52}.Debug|arm64.ActiveCfg = Debug|Any CPU
		{A723BC15-D542-4064-ACD4-BFCB3EB80F52}.Debug|arm64.Build.0 = Debug|Any CPU
		{A723BC15-D542-4064-ACD4-BFCB3EB80F52}.Debug|x64.ActiveCfg = Debug|Any CPU
		{A723BC15-D542-4064-ACD4-BFCB3EB80F52}.Debug|x64.Build.0 = Debug|Any CPU
		{A723BC15-D542-4064-ACD4-BFCB3EB80F52}.Debug|x86.ActiveCfg = Debug|Any CPU
		{A723BC15-D542-4064-ACD4-BFCB3EB80F52}.Debug|x86.Build.0 = Debug|Any CPU
		{A723BC15-D542-4064-ACD4-BFCB3EB80F52}.Release|Any CPU.ActiveCfg = Release|Any CPU
		{A723BC15-D542-4064-ACD4-BFCB3EB80F52}.Release|Any CPU.Build.0 = Release|Any CPU
		{A723BC15-D542-4064-ACD4-BFCB3EB80F52}.Release|arm64.ActiveCfg = Release|Any CPU
		{A723BC15-D542-4064-ACD4-BFCB3EB80F52}.Release|arm64.Build.0 = Release|Any CPU
		{A723BC15-D542-4064-ACD4-BFCB3EB80F52}.Release|x64.ActiveCfg = Release|Any CPU
		{A723BC15-D542-4064-ACD4-BFCB3EB80F52}.Release|x64.Build.0 = Release|Any CPU
		{A723BC15-D542-4064-ACD4-BFCB3EB80F52}.Release|x86.ActiveCfg = Release|Any CPU
		{A723BC15-D542-4064-ACD4-BFCB3EB80F52}.Release|x86.Build.0 = Release|Any CPU
		{BAC1B7EB-260C-40A1-BD4E-F4EEFD402CB2}.Debug|Any CPU.ActiveCfg = Debug|Any CPU
		{BAC1B7EB-260C-40A1-BD4E-F4EEFD402CB2}.Debug|Any CPU.Build.0 = Debug|Any CPU
		{BAC1B7EB-260C-40A1-BD4E-F4EEFD402CB2}.Debug|arm64.ActiveCfg = Debug|Any CPU
		{BAC1B7EB-260C-40A1-BD4E-F4EEFD402CB2}.Debug|arm64.Build.0 = Debug|Any CPU
		{BAC1B7EB-260C-40A1-BD4E-F4EEFD402CB2}.Debug|x64.ActiveCfg = Debug|Any CPU
		{BAC1B7EB-260C-40A1-BD4E-F4EEFD402CB2}.Debug|x64.Build.0 = Debug|Any CPU
		{BAC1B7EB-260C-40A1-BD4E-F4EEFD402CB2}.Debug|x86.ActiveCfg = Debug|Any CPU
		{BAC1B7EB-260C-40A1-BD4E-F4EEFD402CB2}.Debug|x86.Build.0 = Debug|Any CPU
		{BAC1B7EB-260C-40A1-BD4E-F4EEFD402CB2}.Release|Any CPU.ActiveCfg = Release|Any CPU
		{BAC1B7EB-260C-40A1-BD4E-F4EEFD402CB2}.Release|Any CPU.Build.0 = Release|Any CPU
		{BAC1B7EB-260C-40A1-BD4E-F4EEFD402CB2}.Release|arm64.ActiveCfg = Release|Any CPU
		{BAC1B7EB-260C-40A1-BD4E-F4EEFD402CB2}.Release|arm64.Build.0 = Release|Any CPU
		{BAC1B7EB-260C-40A1-BD4E-F4EEFD402CB2}.Release|x64.ActiveCfg = Release|Any CPU
		{BAC1B7EB-260C-40A1-BD4E-F4EEFD402CB2}.Release|x64.Build.0 = Release|Any CPU
		{BAC1B7EB-260C-40A1-BD4E-F4EEFD402CB2}.Release|x86.ActiveCfg = Release|Any CPU
		{BAC1B7EB-260C-40A1-BD4E-F4EEFD402CB2}.Release|x86.Build.0 = Release|Any CPU
		{CFD6C7CA-F70D-4E51-8A04-4A40D0B4425A}.Debug|Any CPU.ActiveCfg = Debug|Any CPU
		{CFD6C7CA-F70D-4E51-8A04-4A40D0B4425A}.Debug|Any CPU.Build.0 = Debug|Any CPU
		{CFD6C7CA-F70D-4E51-8A04-4A40D0B4425A}.Debug|arm64.ActiveCfg = Debug|Any CPU
		{CFD6C7CA-F70D-4E51-8A04-4A40D0B4425A}.Debug|arm64.Build.0 = Debug|Any CPU
		{CFD6C7CA-F70D-4E51-8A04-4A40D0B4425A}.Debug|x64.ActiveCfg = Debug|Any CPU
		{CFD6C7CA-F70D-4E51-8A04-4A40D0B4425A}.Debug|x64.Build.0 = Debug|Any CPU
		{CFD6C7CA-F70D-4E51-8A04-4A40D0B4425A}.Debug|x86.ActiveCfg = Debug|Any CPU
		{CFD6C7CA-F70D-4E51-8A04-4A40D0B4425A}.Debug|x86.Build.0 = Debug|Any CPU
		{CFD6C7CA-F70D-4E51-8A04-4A40D0B4425A}.Release|Any CPU.ActiveCfg = Release|Any CPU
		{CFD6C7CA-F70D-4E51-8A04-4A40D0B4425A}.Release|Any CPU.Build.0 = Release|Any CPU
		{CFD6C7CA-F70D-4E51-8A04-4A40D0B4425A}.Release|arm64.ActiveCfg = Release|Any CPU
		{CFD6C7CA-F70D-4E51-8A04-4A40D0B4425A}.Release|arm64.Build.0 = Release|Any CPU
		{CFD6C7CA-F70D-4E51-8A04-4A40D0B4425A}.Release|x64.ActiveCfg = Release|Any CPU
		{CFD6C7CA-F70D-4E51-8A04-4A40D0B4425A}.Release|x64.Build.0 = Release|Any CPU
		{CFD6C7CA-F70D-4E51-8A04-4A40D0B4425A}.Release|x86.ActiveCfg = Release|Any CPU
		{CFD6C7CA-F70D-4E51-8A04-4A40D0B4425A}.Release|x86.Build.0 = Release|Any CPU
		{E8B13961-A43F-4DE8-8318-39D4D4784078}.Debug|Any CPU.ActiveCfg = Debug|x86
		{E8B13961-A43F-4DE8-8318-39D4D4784078}.Debug|Any CPU.Build.0 = Debug|x86
		{E8B13961-A43F-4DE8-8318-39D4D4784078}.Debug|Any CPU.Deploy.0 = Debug|x86
		{E8B13961-A43F-4DE8-8318-39D4D4784078}.Debug|arm64.ActiveCfg = Debug|arm64
		{E8B13961-A43F-4DE8-8318-39D4D4784078}.Debug|arm64.Build.0 = Debug|arm64
		{E8B13961-A43F-4DE8-8318-39D4D4784078}.Debug|arm64.Deploy.0 = Debug|arm64
		{E8B13961-A43F-4DE8-8318-39D4D4784078}.Debug|x64.ActiveCfg = Debug|x64
		{E8B13961-A43F-4DE8-8318-39D4D4784078}.Debug|x64.Build.0 = Debug|x64
		{E8B13961-A43F-4DE8-8318-39D4D4784078}.Debug|x64.Deploy.0 = Debug|x64
		{E8B13961-A43F-4DE8-8318-39D4D4784078}.Debug|x86.ActiveCfg = Debug|x86
		{E8B13961-A43F-4DE8-8318-39D4D4784078}.Debug|x86.Build.0 = Debug|x86
		{E8B13961-A43F-4DE8-8318-39D4D4784078}.Debug|x86.Deploy.0 = Debug|x86
		{E8B13961-A43F-4DE8-8318-39D4D4784078}.Release|Any CPU.ActiveCfg = Release|x86
		{E8B13961-A43F-4DE8-8318-39D4D4784078}.Release|arm64.ActiveCfg = Release|arm64
		{E8B13961-A43F-4DE8-8318-39D4D4784078}.Release|arm64.Build.0 = Release|arm64
		{E8B13961-A43F-4DE8-8318-39D4D4784078}.Release|arm64.Deploy.0 = Release|arm64
		{E8B13961-A43F-4DE8-8318-39D4D4784078}.Release|x64.ActiveCfg = Release|x64
		{E8B13961-A43F-4DE8-8318-39D4D4784078}.Release|x64.Build.0 = Release|x64
		{E8B13961-A43F-4DE8-8318-39D4D4784078}.Release|x64.Deploy.0 = Release|x64
		{E8B13961-A43F-4DE8-8318-39D4D4784078}.Release|x86.ActiveCfg = Release|x86
		{E8B13961-A43F-4DE8-8318-39D4D4784078}.Release|x86.Build.0 = Release|x86
		{E8B13961-A43F-4DE8-8318-39D4D4784078}.Release|x86.Deploy.0 = Release|x86
		{416FB0BF-A084-4A61-8E3E-5C0CFA09E756}.Debug|Any CPU.ActiveCfg = Debug|x86
		{416FB0BF-A084-4A61-8E3E-5C0CFA09E756}.Debug|Any CPU.Build.0 = Debug|x86
		{416FB0BF-A084-4A61-8E3E-5C0CFA09E756}.Debug|arm64.ActiveCfg = Debug|arm64
		{416FB0BF-A084-4A61-8E3E-5C0CFA09E756}.Debug|arm64.Build.0 = Debug|arm64
		{416FB0BF-A084-4A61-8E3E-5C0CFA09E756}.Debug|x64.ActiveCfg = Debug|x64
		{416FB0BF-A084-4A61-8E3E-5C0CFA09E756}.Debug|x64.Build.0 = Debug|x64
		{416FB0BF-A084-4A61-8E3E-5C0CFA09E756}.Debug|x86.ActiveCfg = Debug|x86
		{416FB0BF-A084-4A61-8E3E-5C0CFA09E756}.Debug|x86.Build.0 = Debug|x86
		{416FB0BF-A084-4A61-8E3E-5C0CFA09E756}.Release|Any CPU.ActiveCfg = Release|x86
		{416FB0BF-A084-4A61-8E3E-5C0CFA09E756}.Release|arm64.ActiveCfg = Release|arm64
		{416FB0BF-A084-4A61-8E3E-5C0CFA09E756}.Release|arm64.Build.0 = Release|arm64
		{416FB0BF-A084-4A61-8E3E-5C0CFA09E756}.Release|x64.ActiveCfg = Release|x64
		{416FB0BF-A084-4A61-8E3E-5C0CFA09E756}.Release|x64.Build.0 = Release|x64
		{416FB0BF-A084-4A61-8E3E-5C0CFA09E756}.Release|x86.ActiveCfg = Release|x86
		{416FB0BF-A084-4A61-8E3E-5C0CFA09E756}.Release|x86.Build.0 = Release|x86
		{8A8DF7D8-538F-4859-B0DD-2F9C92DEC795}.Debug|Any CPU.ActiveCfg = Debug|Any CPU
		{8A8DF7D8-538F-4859-B0DD-2F9C92DEC795}.Debug|Any CPU.Build.0 = Debug|Any CPU
		{8A8DF7D8-538F-4859-B0DD-2F9C92DEC795}.Debug|arm64.ActiveCfg = Debug|Any CPU
		{8A8DF7D8-538F-4859-B0DD-2F9C92DEC795}.Debug|arm64.Build.0 = Debug|Any CPU
		{8A8DF7D8-538F-4859-B0DD-2F9C92DEC795}.Debug|x64.ActiveCfg = Debug|Any CPU
		{8A8DF7D8-538F-4859-B0DD-2F9C92DEC795}.Debug|x64.Build.0 = Debug|Any CPU
		{8A8DF7D8-538F-4859-B0DD-2F9C92DEC795}.Debug|x86.ActiveCfg = Debug|Any CPU
		{8A8DF7D8-538F-4859-B0DD-2F9C92DEC795}.Debug|x86.Build.0 = Debug|Any CPU
		{8A8DF7D8-538F-4859-B0DD-2F9C92DEC795}.Release|Any CPU.ActiveCfg = Release|Any CPU
		{8A8DF7D8-538F-4859-B0DD-2F9C92DEC795}.Release|Any CPU.Build.0 = Release|Any CPU
		{8A8DF7D8-538F-4859-B0DD-2F9C92DEC795}.Release|arm64.ActiveCfg = Release|Any CPU
		{8A8DF7D8-538F-4859-B0DD-2F9C92DEC795}.Release|arm64.Build.0 = Release|Any CPU
		{8A8DF7D8-538F-4859-B0DD-2F9C92DEC795}.Release|x64.ActiveCfg = Release|Any CPU
		{8A8DF7D8-538F-4859-B0DD-2F9C92DEC795}.Release|x64.Build.0 = Release|Any CPU
		{8A8DF7D8-538F-4859-B0DD-2F9C92DEC795}.Release|x86.ActiveCfg = Release|Any CPU
		{8A8DF7D8-538F-4859-B0DD-2F9C92DEC795}.Release|x86.Build.0 = Release|Any CPU
	EndGlobalSection
	GlobalSection(SolutionProperties) = preSolution
		HideSolutionNode = FALSE
	EndGlobalSection
	GlobalSection(ExtensibilityGlobals) = postSolution
		SolutionGuid = {5DB87574-6484-4208-B71C-C25D153194BD}
	EndGlobalSection
EndGlobal
